
Microsoft Visual Studio Solution File, Format Version 12.00
# Visual Studio 15
VisualStudioVersion = 15.0.27428.2005
MinimumVisualStudioVersion = 10.0.40219.1
Project("{FAE04EC0-301F-11D3-BF4B-00C04F79EFBC}") = "WindowsFormsApp1", "WindowsFormsApp1\WindowsFormsApp1.csproj", "{71A44096-BB41-4CC9-80B4-31E7A6DED3A7}"
EndProject
Global
	GlobalSection(SolutionConfigurationPlatforms) = preSolution
		Debug|Any CPU = Debug|Any CPU
		Release|Any CPU = Release|Any CPU
	EndGlobalSection
	GlobalSection(ProjectConfigurationPlatforms) = postSolution
		{71A44096-BB41-4CC9-80B4-31E7A6DED3A7}.Debug|Any CPU.ActiveCfg = Debug|Any CPU
		{71A44096-BB41-4CC9-80B4-31E7A6DED3A7}.Debug|Any CPU.Build.0 = Debug|Any CPU
		{71A44096-BB41-4CC9-80B4-31E7A6DED3A7}.Release|Any CPU.ActiveCfg = Release|Any CPU
		{71A44096-BB41-4CC9-80B4-31E7A6DED3A7}.Release|Any CPU.Build.0 = Release|Any CPU
	EndGlobalSection
	GlobalSection(SolutionProperties) = preSolution
		HideSolutionNode = FALSE
	EndGlobalSection
	GlobalSection(ExtensibilityGlobals) = postSolution
		SolutionGuid = {6AACF593-7AC8-4312-848A-2F7846A4FB44}
	EndGlobalSection
EndGlobal
